
Microsoft Visual Studio Solution File, Format Version 12.00
# Visual Studio 15
VisualStudioVersion = 15.0.26124.0
MinimumVisualStudioVersion = 15.0.26124.0
Project("{2150E333-8FDC-42A3-9474-1A3956D46DE8}") = "src", "src", "{3F8FF60C-4735-4D56-B23B-964F480BF7E1}"
EndProject
Project("{F2A71F9B-5D33-465A-A702-920D77279786}") = "AdventOfCode.Day1", "src\AdventOfCode.Day1\AdventOfCode.Day1.fsproj", "{A09CD929-23AB-45B1-AD44-662EF528D2D0}"
EndProject
Project("{F2A71F9B-5D33-465A-A702-920D77279786}") = "AdventOfCode.Day1.Tests", "src\AdventOfCode.Day1.Tests\AdventOfCode.Day1.Tests.fsproj", "{602241C7-69BF-471D-B8A6-845300CFC060}"
EndProject
Project("{F2A71F9B-5D33-465A-A702-920D77279786}") = "AdventOfCode.Day2", "src\AdventOfCode.Day2\AdventOfCode.Day2.fsproj", "{E4CEC870-2478-4467-ADF5-ADF547BE9CAE}"
EndProject
Project("{F2A71F9B-5D33-465A-A702-920D77279786}") = "AdventOfCode.Day2.Tests", "src\AdventOfCode.Day2.Tests\AdventOfCode.Day2.Tests.fsproj", "{E0D53A7F-EF62-41D9-B12E-6DC687E204DC}"
EndProject
Project("{F2A71F9B-5D33-465A-A702-920D77279786}") = "AdventOfCode.Day3", "src\AdventOfCode.Day3\AdventOfCode.Day3.fsproj", "{B020075D-EB12-4982-A6C6-9C68A836C934}"
EndProject
Project("{F2A71F9B-5D33-465A-A702-920D77279786}") = "AdventOfCode.Day3.Tests", "src\AdventOfCode.Day3.Tests\AdventOfCode.Day3.Tests.fsproj", "{1C553D32-6DD5-4F4F-9851-23EE7273BA6A}"
EndProject
Project("{F2A71F9B-5D33-465A-A702-920D77279786}") = "AdventOfCode.ConsoleApp", "src\AdventOfCode.ConsoleApp\AdventOfCode.ConsoleApp.fsproj", "{A396BA8A-0DB2-4424-9C7D-59F5FE7F202A}"
EndProject
Global
	GlobalSection(SolutionConfigurationPlatforms) = preSolution
		Debug|Any CPU = Debug|Any CPU
		Debug|x64 = Debug|x64
		Debug|x86 = Debug|x86
		Release|Any CPU = Release|Any CPU
		Release|x64 = Release|x64
		Release|x86 = Release|x86
	EndGlobalSection
	GlobalSection(SolutionProperties) = preSolution
		HideSolutionNode = FALSE
	EndGlobalSection
	GlobalSection(ProjectConfigurationPlatforms) = postSolution
		{A09CD929-23AB-45B1-AD44-662EF528D2D0}.Debug|Any CPU.ActiveCfg = Debug|Any CPU
		{A09CD929-23AB-45B1-AD44-662EF528D2D0}.Debug|Any CPU.Build.0 = Debug|Any CPU
		{A09CD929-23AB-45B1-AD44-662EF528D2D0}.Debug|x64.ActiveCfg = Debug|Any CPU
		{A09CD929-23AB-45B1-AD44-662EF528D2D0}.Debug|x64.Build.0 = Debug|Any CPU
		{A09CD929-23AB-45B1-AD44-662EF528D2D0}.Debug|x86.ActiveCfg = Debug|Any CPU
		{A09CD929-23AB-45B1-AD44-662EF528D2D0}.Debug|x86.Build.0 = Debug|Any CPU
		{A09CD929-23AB-45B1-AD44-662EF528D2D0}.Release|Any CPU.ActiveCfg = Release|Any CPU
		{A09CD929-23AB-45B1-AD44-662EF528D2D0}.Release|Any CPU.Build.0 = Release|Any CPU
		{A09CD929-23AB-45B1-AD44-662EF528D2D0}.Release|x64.ActiveCfg = Release|Any CPU
		{A09CD929-23AB-45B1-AD44-662EF528D2D0}.Release|x64.Build.0 = Release|Any CPU
		{A09CD929-23AB-45B1-AD44-662EF528D2D0}.Release|x86.ActiveCfg = Release|Any CPU
		{A09CD929-23AB-45B1-AD44-662EF528D2D0}.Release|x86.Build.0 = Release|Any CPU
		{602241C7-69BF-471D-B8A6-845300CFC060}.Debug|Any CPU.ActiveCfg = Debug|Any CPU
		{602241C7-69BF-471D-B8A6-845300CFC060}.Debug|Any CPU.Build.0 = Debug|Any CPU
		{602241C7-69BF-471D-B8A6-845300CFC060}.Debug|x64.ActiveCfg = Debug|Any CPU
		{602241C7-69BF-471D-B8A6-845300CFC060}.Debug|x64.Build.0 = Debug|Any CPU
		{602241C7-69BF-471D-B8A6-845300CFC060}.Debug|x86.ActiveCfg = Debug|Any CPU
		{602241C7-69BF-471D-B8A6-845300CFC060}.Debug|x86.Build.0 = Debug|Any CPU
		{602241C7-69BF-471D-B8A6-845300CFC060}.Release|Any CPU.ActiveCfg = Release|Any CPU
		{602241C7-69BF-471D-B8A6-845300CFC060}.Release|Any CPU.Build.0 = Release|Any CPU
		{602241C7-69BF-471D-B8A6-845300CFC060}.Release|x64.ActiveCfg = Release|Any CPU
		{602241C7-69BF-471D-B8A6-845300CFC060}.Release|x64.Build.0 = Release|Any CPU
		{602241C7-69BF-471D-B8A6-845300CFC060}.Release|x86.ActiveCfg = Release|Any CPU
		{602241C7-69BF-471D-B8A6-845300CFC060}.Release|x86.Build.0 = Release|Any CPU
		{E4CEC870-2478-4467-ADF5-ADF547BE9CAE}.Debug|Any CPU.ActiveCfg = Debug|Any CPU
		{E4CEC870-2478-4467-ADF5-ADF547BE9CAE}.Debug|Any CPU.Build.0 = Debug|Any CPU
		{E4CEC870-2478-4467-ADF5-ADF547BE9CAE}.Debug|x64.ActiveCfg = Debug|Any CPU
		{E4CEC870-2478-4467-ADF5-ADF547BE9CAE}.Debug|x64.Build.0 = Debug|Any CPU
		{E4CEC870-2478-4467-ADF5-ADF547BE9CAE}.Debug|x86.ActiveCfg = Debug|Any CPU
		{E4CEC870-2478-4467-ADF5-ADF547BE9CAE}.Debug|x86.Build.0 = Debug|Any CPU
		{E4CEC870-2478-4467-ADF5-ADF547BE9CAE}.Release|Any CPU.ActiveCfg = Release|Any CPU
		{E4CEC870-2478-4467-ADF5-ADF547BE9CAE}.Release|Any CPU.Build.0 = Release|Any CPU
		{E4CEC870-2478-4467-ADF5-ADF547BE9CAE}.Release|x64.ActiveCfg = Release|Any CPU
		{E4CEC870-2478-4467-ADF5-ADF547BE9CAE}.Release|x64.Build.0 = Release|Any CPU
		{E4CEC870-2478-4467-ADF5-ADF547BE9CAE}.Release|x86.ActiveCfg = Release|Any CPU
		{E4CEC870-2478-4467-ADF5-ADF547BE9CAE}.Release|x86.Build.0 = Release|Any CPU
		{E0D53A7F-EF62-41D9-B12E-6DC687E204DC}.Debug|Any CPU.ActiveCfg = Debug|Any CPU
		{E0D53A7F-EF62-41D9-B12E-6DC687E204DC}.Debug|Any CPU.Build.0 = Debug|Any CPU
		{E0D53A7F-EF62-41D9-B12E-6DC687E204DC}.Debug|x64.ActiveCfg = Debug|Any CPU
		{E0D53A7F-EF62-41D9-B12E-6DC687E204DC}.Debug|x64.Build.0 = Debug|Any CPU
		{E0D53A7F-EF62-41D9-B12E-6DC687E204DC}.Debug|x86.ActiveCfg = Debug|Any CPU
		{E0D53A7F-EF62-41D9-B12E-6DC687E204DC}.Debug|x86.Build.0 = Debug|Any CPU
		{E0D53A7F-EF62-41D9-B12E-6DC687E204DC}.Release|Any CPU.ActiveCfg = Release|Any CPU
		{E0D53A7F-EF62-41D9-B12E-6DC687E204DC}.Release|Any CPU.Build.0 = Release|Any CPU
		{E0D53A7F-EF62-41D9-B12E-6DC687E204DC}.Release|x64.ActiveCfg = Release|Any CPU
		{E0D53A7F-EF62-41D9-B12E-6DC687E204DC}.Release|x64.Build.0 = Release|Any CPU
		{E0D53A7F-EF62-41D9-B12E-6DC687E204DC}.Release|x86.ActiveCfg = Release|Any CPU
		{E0D53A7F-EF62-41D9-B12E-6DC687E204DC}.Release|x86.Build.0 = Release|Any CPU
		{B020075D-EB12-4982-A6C6-9C68A836C934}.Debug|Any CPU.ActiveCfg = Debug|Any CPU
		{B020075D-EB12-4982-A6C6-9C68A836C934}.Debug|Any CPU.Build.0 = Debug|Any CPU
		{B020075D-EB12-4982-A6C6-9C68A836C934}.Debug|x64.ActiveCfg = Debug|Any CPU
		{B020075D-EB12-4982-A6C6-9C68A836C934}.Debug|x64.Build.0 = Debug|Any CPU
		{B020075D-EB12-4982-A6C6-9C68A836C934}.Debug|x86.ActiveCfg = Debug|Any CPU
		{B020075D-EB12-4982-A6C6-9C68A836C934}.Debug|x86.Build.0 = Debug|Any CPU
		{B020075D-EB12-4982-A6C6-9C68A836C934}.Release|Any CPU.ActiveCfg = Release|Any CPU
		{B020075D-EB12-4982-A6C6-9C68A836C934}.Release|Any CPU.Build.0 = Release|Any CPU
		{B020075D-EB12-4982-A6C6-9C68A836C934}.Release|x64.ActiveCfg = Release|Any CPU
		{B020075D-EB12-4982-A6C6-9C68A836C934}.Release|x64.Build.0 = Release|Any CPU
		{B020075D-EB12-4982-A6C6-9C68A836C934}.Release|x86.ActiveCfg = Release|Any CPU
		{B020075D-EB12-4982-A6C6-9C68A836C934}.Release|x86.Build.0 = Release|Any CPU
		{1C553D32-6DD5-4F4F-9851-23EE7273BA6A}.Debug|Any CPU.ActiveCfg = Debug|Any CPU
		{1C553D32-6DD5-4F4F-9851-23EE7273BA6A}.Debug|Any CPU.Build.0 = Debug|Any CPU
		{1C553D32-6DD5-4F4F-9851-23EE7273BA6A}.Debug|x64.ActiveCfg = Debug|Any CPU
		{1C553D32-6DD5-4F4F-9851-23EE7273BA6A}.Debug|x64.Build.0 = Debug|Any CPU
		{1C553D32-6DD5-4F4F-9851-23EE7273BA6A}.Debug|x86.ActiveCfg = Debug|Any CPU
		{1C553D32-6DD5-4F4F-9851-23EE7273BA6A}.Debug|x86.Build.0 = Debug|Any CPU
		{1C553D32-6DD5-4F4F-9851-23EE7273BA6A}.Release|Any CPU.ActiveCfg = Release|Any CPU
		{1C553D32-6DD5-4F4F-9851-23EE7273BA6A}.Release|Any CPU.Build.0 = Release|Any CPU
		{1C553D32-6DD5-4F4F-9851-23EE7273BA6A}.Release|x64.ActiveCfg = Release|Any CPU
		{1C553D32-6DD5-4F4F-9851-23EE7273BA6A}.Release|x64.Build.0 = Release|Any CPU
		{1C553D32-6DD5-4F4F-9851-23EE7273BA6A}.Release|x86.ActiveCfg = Release|Any CPU
		{1C553D32-6DD5-4F4F-9851-23EE7273BA6A}.Release|x86.Build.0 = Release|Any CPU
		{A396BA8A-0DB2-4424-9C7D-59F5FE7F202A}.Debug|Any CPU.ActiveCfg = Debug|Any CPU
		{A396BA8A-0DB2-4424-9C7D-59F5FE7F202A}.Debug|Any CPU.Build.0 = Debug|Any CPU
		{A396BA8A-0DB2-4424-9C7D-59F5FE7F202A}.Debug|x64.ActiveCfg = Debug|Any CPU
		{A396BA8A-0DB2-4424-9C7D-59F5FE7F202A}.Debug|x64.Build.0 = Debug|Any CPU
		{A396BA8A-0DB2-4424-9C7D-59F5FE7F202A}.Debug|x86.ActiveCfg = Debug|Any CPU
		{A396BA8A-0DB2-4424-9C7D-59F5FE7F202A}.Debug|x86.Build.0 = Debug|Any CPU
		{A396BA8A-0DB2-4424-9C7D-59F5FE7F202A}.Release|Any CPU.ActiveCfg = Release|Any CPU
		{A396BA8A-0DB2-4424-9C7D-59F5FE7F202A}.Release|Any CPU.Build.0 = Release|Any CPU
		{A396BA8A-0DB2-4424-9C7D-59F5FE7F202A}.Release|x64.ActiveCfg = Release|Any CPU
		{A396BA8A-0DB2-4424-9C7D-59F5FE7F202A}.Release|x64.Build.0 = Release|Any CPU
		{A396BA8A-0DB2-4424-9C7D-59F5FE7F202A}.Release|x86.ActiveCfg = Release|Any CPU
		{A396BA8A-0DB2-4424-9C7D-59F5FE7F202A}.Release|x86.Build.0 = Release|Any CPU
	EndGlobalSection
	GlobalSection(NestedProjects) = preSolution
		{A09CD929-23AB-45B1-AD44-662EF528D2D0} = {3F8FF60C-4735-4D56-B23B-964F480BF7E1}
		{602241C7-69BF-471D-B8A6-845300CFC060} = {3F8FF60C-4735-4D56-B23B-964F480BF7E1}
		{E4CEC870-2478-4467-ADF5-ADF547BE9CAE} = {3F8FF60C-4735-4D56-B23B-964F480BF7E1}
		{E0D53A7F-EF62-41D9-B12E-6DC687E204DC} = {3F8FF60C-4735-4D56-B23B-964F480BF7E1}
		{B020075D-EB12-4982-A6C6-9C68A836C934} = {3F8FF60C-4735-4D56-B23B-964F480BF7E1}
		{1C553D32-6DD5-4F4F-9851-23EE7273BA6A} = {3F8FF60C-4735-4D56-B23B-964F480BF7E1}
		{A396BA8A-0DB2-4424-9C7D-59F5FE7F202A} = {3F8FF60C-4735-4D56-B23B-964F480BF7E1}
	EndGlobalSection
EndGlobal
